// !$*UTF8*$!
{
	archiveVersion = 1;
	classes = {
	};
	objectVersion = 56;
	objects = {

/* Begin PBXBuildFile section */
		B948767E297FA3C100AEFAC9 /* LetIsCharts.swift in Sources */ = {isa = PBXBuildFile; fileRef = B948767D297FA3C100AEFAC9 /* LetIsCharts.swift */; };
		B96BCC352980D380004DE773 /* CoreDataSample.swift in Sources */ = {isa = PBXBuildFile; fileRef = B96BCC342980D380004DE773 /* CoreDataSample.swift */; };
		B96BCC382980E231004DE773 /* WeightModel.xcdatamodeld in Sources */ = {isa = PBXBuildFile; fileRef = B96BCC362980E231004DE773 /* WeightModel.xcdatamodeld */; };
		B96BCC3A2980EED6004DE773 /* Persistence.swift in Sources */ = {isa = PBXBuildFile; fileRef = B96BCC392980EED6004DE773 /* Persistence.swift */; };
		B96BCC3D298102E8004DE773 /* WeightModel+CoreDataClass.swift in Sources */ = {isa = PBXBuildFile; fileRef = B96BCC3B298102E8004DE773 /* WeightModel+CoreDataClass.swift */; };
		B96BCC3E298102E8004DE773 /* WeightModel+CoreDataProperties.swift in Sources */ = {isa = PBXBuildFile; fileRef = B96BCC3C298102E8004DE773 /* WeightModel+CoreDataProperties.swift */; };
		B96BCC4229810563004DE773 /* WeightDataModel.swift in Sources */ = {isa = PBXBuildFile; fileRef = B96BCC4129810563004DE773 /* WeightDataModel.swift */; };
		B96BCC44298136E6004DE773 /* SampleChart.swift in Sources */ = {isa = PBXBuildFile; fileRef = B96BCC43298136E6004DE773 /* SampleChart.swift */; };
		B972C92D297CE93700681A44 /* AWSS3SampleApp.swift in Sources */ = {isa = PBXBuildFile; fileRef = B972C92C297CE93700681A44 /* AWSS3SampleApp.swift */; };
		B972C92F297CE93700681A44 /* ContentView.swift in Sources */ = {isa = PBXBuildFile; fileRef = B972C92E297CE93700681A44 /* ContentView.swift */; };
		B972C931297CE93800681A44 /* Assets.xcassets in Resources */ = {isa = PBXBuildFile; fileRef = B972C930297CE93800681A44 /* Assets.xcassets */; };
		B972C934297CE93800681A44 /* Preview Assets.xcassets in Resources */ = {isa = PBXBuildFile; fileRef = B972C933297CE93800681A44 /* Preview Assets.xcassets */; };
/* End PBXBuildFile section */

/* Begin PBXFileReference section */
		B948767D297FA3C100AEFAC9 /* LetIsCharts.swift */ = {isa = PBXFileReference; lastKnownFileType = sourcecode.swift; path = LetIsCharts.swift; sourceTree = "<group>"; };
		B96BCC342980D380004DE773 /* CoreDataSample.swift */ = {isa = PBXFileReference; lastKnownFileType = sourcecode.swift; path = CoreDataSample.swift; sourceTree = "<group>"; };
		B96BCC372980E231004DE773 /* WeightModel.xcdatamodel */ = {isa = PBXFileReference; lastKnownFileType = wrapper.xcdatamodel; path = WeightModel.xcdatamodel; sourceTree = "<group>"; };
		B96BCC392980EED6004DE773 /* Persistence.swift */ = {isa = PBXFileReference; lastKnownFileType = sourcecode.swift; path = Persistence.swift; sourceTree = "<group>"; };
		B96BCC3B298102E8004DE773 /* WeightModel+CoreDataClass.swift */ = {isa = PBXFileReference; lastKnownFileType = sourcecode.swift; path = "WeightModel+CoreDataClass.swift"; sourceTree = "<group>"; };
		B96BCC3C298102E8004DE773 /* WeightModel+CoreDataProperties.swift */ = {isa = PBXFileReference; lastKnownFileType = sourcecode.swift; path = "WeightModel+CoreDataProperties.swift"; sourceTree = "<group>"; };
		B96BCC4129810563004DE773 /* WeightDataModel.swift */ = {isa = PBXFileReference; lastKnownFileType = sourcecode.swift; path = WeightDataModel.swift; sourceTree = "<group>"; };
		B96BCC43298136E6004DE773 /* SampleChart.swift */ = {isa = PBXFileReference; lastKnownFileType = sourcecode.swift; path = SampleChart.swift; sourceTree = "<group>"; };
		B972C929297CE93700681A44 /* AWSS3Sample.app */ = {isa = PBXFileReference; explicitFileType = wrapper.application; includeInIndex = 0; path = AWSS3Sample.app; sourceTree = BUILT_PRODUCTS_DIR; };
		B972C92C297CE93700681A44 /* AWSS3SampleApp.swift */ = {isa = PBXFileReference; lastKnownFileType = sourcecode.swift; path = AWSS3SampleApp.swift; sourceTree = "<group>"; };
		B972C92E297CE93700681A44 /* ContentView.swift */ = {isa = PBXFileReference; lastKnownFileType = sourcecode.swift; path = ContentView.swift; sourceTree = "<group>"; };
		B972C930297CE93800681A44 /* Assets.xcassets */ = {isa = PBXFileReference; lastKnownFileType = folder.assetcatalog; path = Assets.xcassets; sourceTree = "<group>"; };
		B972C933297CE93800681A44 /* Preview Assets.xcassets */ = {isa = PBXFileReference; lastKnownFileType = folder.assetcatalog; path = "Preview Assets.xcassets"; sourceTree = "<group>"; };
/* End PBXFileReference section */

/* Begin PBXFrameworksBuildPhase section */
		B972C926297CE93700681A44 /* Frameworks */ = {
			isa = PBXFrameworksBuildPhase;
			buildActionMask = 2147483647;
			files = (
			);
			runOnlyForDeploymentPostprocessing = 0;
		};
/* End PBXFrameworksBuildPhase section */

/* Begin PBXGroup section */
		B96BCC3F2981030B004DE773 /* CoreData */ = {
			isa = PBXGroup;
			children = (
				B96BCC3C298102E8004DE773 /* WeightModel+CoreDataProperties.swift */,
				B96BCC3B298102E8004DE773 /* WeightModel+CoreDataClass.swift */,
				B96BCC392980EED6004DE773 /* Persistence.swift */,
			);
			path = CoreData;
			sourceTree = "<group>";
		};
		B96BCC4029810533004DE773 /* Model */ = {
			isa = PBXGroup;
			children = (
				B96BCC4129810563004DE773 /* WeightDataModel.swift */,
			);
			path = Model;
			sourceTree = "<group>";
		};
		B972C920297CE93700681A44 = {
			isa = PBXGroup;
			children = (
				B96BCC3F2981030B004DE773 /* CoreData */,
				B972C92B297CE93700681A44 /* AWSS3Sample */,
				B972C92A297CE93700681A44 /* Products */,
			);
			sourceTree = "<group>";
		};
		B972C92A297CE93700681A44 /* Products */ = {
			isa = PBXGroup;
			children = (
				B972C929297CE93700681A44 /* AWSS3Sample.app */,
			);
			name = Products;
			sourceTree = "<group>";
		};
		B972C92B297CE93700681A44 /* AWSS3Sample */ = {
			isa = PBXGroup;
			children = (
				B96BCC4029810533004DE773 /* Model */,
				B972C92E297CE93700681A44 /* ContentView.swift */,
				B948767D297FA3C100AEFAC9 /* LetIsCharts.swift */,
				B96BCC43298136E6004DE773 /* SampleChart.swift */,
				B96BCC342980D380004DE773 /* CoreDataSample.swift */,
				B972C92C297CE93700681A44 /* AWSS3SampleApp.swift */,
				B96BCC362980E231004DE773 /* WeightModel.xcdatamodeld */,
				B972C930297CE93800681A44 /* Assets.xcassets */,
				B972C932297CE93800681A44 /* Preview Content */,
			);
			path = AWSS3Sample;
			sourceTree = "<group>";
		};
		B972C932297CE93800681A44 /* Preview Content */ = {
			isa = PBXGroup;
			children = (
				B972C933297CE93800681A44 /* Preview Assets.xcassets */,
			);
			path = "Preview Content";
			sourceTree = "<group>";
		};
/* End PBXGroup section */

/* Begin PBXNativeTarget section */
		B972C928297CE93700681A44 /* AWSS3Sample */ = {
			isa = PBXNativeTarget;
			buildConfigurationList = B972C937297CE93800681A44 /* Build configuration list for PBXNativeTarget "AWSS3Sample" */;
			buildPhases = (
				B972C925297CE93700681A44 /* Sources */,
				B972C926297CE93700681A44 /* Frameworks */,
				B972C927297CE93700681A44 /* Resources */,
			);
			buildRules = (
			);
			dependencies = (
			);
			name = AWSS3Sample;
			productName = AWSS3Sample;
			productReference = B972C929297CE93700681A44 /* AWSS3Sample.app */;
			productType = "com.apple.product-type.application";
		};
/* End PBXNativeTarget section */

/* Begin PBXProject section */
		B972C921297CE93700681A44 /* Project object */ = {
			isa = PBXProject;
			attributes = {
				BuildIndependentTargetsInParallel = 1;
				LastSwiftUpdateCheck = 1420;
				LastUpgradeCheck = 1420;
				TargetAttributes = {
					B972C928297CE93700681A44 = {
						CreatedOnToolsVersion = 14.2;
					};
				};
			};
			buildConfigurationList = B972C924297CE93700681A44 /* Build configuration list for PBXProject "AWSS3Sample" */;
			compatibilityVersion = "Xcode 14.0";
			developmentRegion = en;
			hasScannedForEncodings = 0;
			knownRegions = (
				en,
				Base,
			);
			mainGroup = B972C920297CE93700681A44;
			productRefGroup = B972C92A297CE93700681A44 /* Products */;
			projectDirPath = "";
			projectRoot = "";
			targets = (
				B972C928297CE93700681A44 /* AWSS3Sample */,
			);
		};
/* End PBXProject section */

/* Begin PBXResourcesBuildPhase section */
		B972C927297CE93700681A44 /* Resources */ = {
			isa = PBXResourcesBuildPhase;
			buildActionMask = 2147483647;
			files = (
				B972C934297CE93800681A44 /* Preview Assets.xcassets in Resources */,
				B972C931297CE93800681A44 /* Assets.xcassets in Resources */,
			);
			runOnlyForDeploymentPostprocessing = 0;
		};
/* End PBXResourcesBuildPhase section */

/* Begin PBXSourcesBuildPhase section */
		B972C925297CE93700681A44 /* Sources */ = {
			isa = PBXSourcesBuildPhase;
			buildActionMask = 2147483647;
			files = (
				B96BCC3D298102E8004DE773 /* WeightModel+CoreDataClass.swift in Sources */,
				B96BCC4229810563004DE773 /* WeightDataModel.swift in Sources */,
				B96BCC382980E231004DE773 /* WeightModel.xcdatamodeld in Sources */,
				B96BCC352980D380004DE773 /* CoreDataSample.swift in Sources */,
				B96BCC3E298102E8004DE773 /* WeightModel+CoreDataProperties.swift in Sources */,
				B972C92F297CE93700681A44 /* ContentView.swift in Sources */,
				B96BCC44298136E6004DE773 /* SampleChart.swift in Sources */,
				B96BCC3A2980EED6004DE773 /* Persistence.swift in Sources */,
				B972C92D297CE93700681A44 /* AWSS3SampleApp.swift in Sources */,
				B948767E297FA3C100AEFAC9 /* LetIsCharts.swift in Sources */,
			);
			runOnlyForDeploymentPostprocessing = 0;
		};
/* End PBXSourcesBuildPhase section */

/* Begin XCBuildConfiguration section */
		B972C935297CE93800681A44 /* Debug */ = {
			isa = XCBuildConfiguration;
			buildSettings = {
				ALWAYS_SEARCH_USER_PATHS = NO;
				CLANG_ANALYZER_NONNULL = YES;
				CLANG_ANALYZER_NUMBER_OBJECT_CONVERSION = YES_AGGRESSIVE;
				CLANG_CXX_LANGUAGE_STANDARD = "gnu++20";
				CLANG_ENABLE_MODULES = YES;
				CLANG_ENABLE_OBJC_ARC = YES;
				CLANG_ENABLE_OBJC_WEAK = YES;
				CLANG_WARN_BLOCK_CAPTURE_AUTORELEASING = YES;
				CLANG_WARN_BOOL_CONVERSION = YES;
				CLANG_WARN_COMMA = YES;
				CLANG_WARN_CONSTANT_CONVERSION = YES;
				CLANG_WARN_DEPRECATED_OBJC_IMPLEMENTATIONS = YES;
				CLANG_WARN_DIRECT_OBJC_ISA_USAGE = YES_ERROR;
				CLANG_WARN_DOCUMENTATION_COMMENTS = YES;
				CLANG_WARN_EMPTY_BODY = YES;
				CLANG_WARN_ENUM_CONVERSION = YES;
				CLANG_WARN_INFINITE_RECURSION = YES;
				CLANG_WARN_INT_CONVERSION = YES;
				CLANG_WARN_NON_LITERAL_NULL_CONVERSION = YES;
				CLANG_WARN_OBJC_IMPLICIT_RETAIN_SELF = YES;
				CLANG_WARN_OBJC_LITERAL_CONVERSION = YES;
				CLANG_WARN_OBJC_ROOT_CLASS = YES_ERROR;
				CLANG_WARN_QUOTED_INCLUDE_IN_FRAMEWORK_HEADER = YES;
				CLANG_WARN_RANGE_LOOP_ANALYSIS = YES;
				CLANG_WARN_STRICT_PROTOTYPES = YES;
				CLANG_WARN_SUSPICIOUS_MOVE = YES;
				CLANG_WARN_UNGUARDED_AVAILABILITY = YES_AGGRESSIVE;
				CLANG_WARN_UNREACHABLE_CODE = YES;
				CLANG_WARN__DUPLICATE_METHOD_MATCH = YES;
				COPY_PHASE_STRIP = NO;
				DEBUG_INFORMATION_FORMAT = dwarf;
				ENABLE_STRICT_OBJC_MSGSEND = YES;
				ENABLE_TESTABILITY = YES;
				GCC_C_LANGUAGE_STANDARD = gnu11;
				GCC_DYNAMIC_NO_PIC = NO;
				GCC_NO_COMMON_BLOCKS = YES;
				GCC_OPTIMIZATION_LEVEL = 0;
				GCC_PREPROCESSOR_DEFINITIONS = (
					"DEBUG=1",
					"$(inherited)",
				);
				GCC_WARN_64_TO_32_BIT_CONVERSION = YES;
				GCC_WARN_ABOUT_RETURN_TYPE = YES_ERROR;
				GCC_WARN_UNDECLARED_SELECTOR = YES;
				GCC_WARN_UNINITIALIZED_AUTOS = YES_AGGRESSIVE;
				GCC_WARN_UNUSED_FUNCTION = YES;
				GCC_WARN_UNUSED_VARIABLE = YES;
				IPHONEOS_DEPLOYMENT_TARGET = 16.2;
				MTL_ENABLE_DEBUG_INFO = INCLUDE_SOURCE;
				MTL_FAST_MATH = YES;
				ONLY_ACTIVE_ARCH = YES;
				SDKROOT = iphoneos;
				SWIFT_ACTIVE_COMPILATION_CONDITIONS = DEBUG;
				SWIFT_OPTIMIZATION_LEVEL = "-Onone";
			};
			name = Debug;
		};
		B972C936297CE93800681A44 /* Release */ = {
			isa = XCBuildConfiguration;
			buildSettings = {
				ALWAYS_SEARCH_USER_PATHS = NO;
				CLANG_ANALYZER_NONNULL = YES;
				CLANG_ANALYZER_NUMBER_OBJECT_CONVERSION = YES_AGGRESSIVE;
				CLANG_CXX_LANGUAGE_STANDARD = "gnu++20";
				CLANG_ENABLE_MODULES = YES;
				CLANG_ENABLE_OBJC_ARC = YES;
				CLANG_ENABLE_OBJC_WEAK = YES;
				CLANG_WARN_BLOCK_CAPTURE_AUTORELEASING = YES;
				CLANG_WARN_BOOL_CONVERSION = YES;
				CLANG_WARN_COMMA = YES;
				CLANG_WARN_CONSTANT_CONVERSION = YES;
				CLANG_WARN_DEPRECATED_OBJC_IMPLEMENTATIONS = YES;
				CLANG_WARN_DIRECT_OBJC_ISA_USAGE = YES_ERROR;
				CLANG_WARN_DOCUMENTATION_COMMENTS = YES;
				CLANG_WARN_EMPTY_BODY = YES;
				CLANG_WARN_ENUM_CONVERSION = YES;
				CLANG_WARN_INFINITE_RECURSION = YES;
				CLANG_WARN_INT_CONVERSION = YES;
				CLANG_WARN_NON_LITERAL_NULL_CONVERSION = YES;
				CLANG_WARN_OBJC_IMPLICIT_RETAIN_SELF = YES;
				CLANG_WARN_OBJC_LITERAL_CONVERSION = YES;
				CLANG_WARN_OBJC_ROOT_CLASS = YES_ERROR;
				CLANG_WARN_QUOTED_INCLUDE_IN_FRAMEWORK_HEADER = YES;
				CLANG_WARN_RANGE_LOOP_ANALYSIS = YES;
				CLANG_WARN_STRICT_PROTOTYPES = YES;
				CLANG_WARN_SUSPICIOUS_MOVE = YES;
				CLANG_WARN_UNGUARDED_AVAILABILITY = YES_AGGRESSIVE;
				CLANG_WARN_UNREACHABLE_CODE = YES;
				CLANG_WARN__DUPLICATE_METHOD_MATCH = YES;
				COPY_PHASE_STRIP = NO;
				DEBUG_INFORMATION_FORMAT = "dwarf-with-dsym";
				ENABLE_NS_ASSERTIONS = NO;
				ENABLE_STRICT_OBJC_MSGSEND = YES;
				GCC_C_LANGUAGE_STANDARD = gnu11;
				GCC_NO_COMMON_BLOCKS = YES;
				GCC_WARN_64_TO_32_BIT_CONVERSION = YES;
				GCC_WARN_ABOUT_RETURN_TYPE = YES_ERROR;
				GCC_WARN_UNDECLARED_SELECTOR = YES;
				GCC_WARN_UNINITIALIZED_AUTOS = YES_AGGRESSIVE;
				GCC_WARN_UNUSED_FUNCTION = YES;
				GCC_WARN_UNUSED_VARIABLE = YES;
				IPHONEOS_DEPLOYMENT_TARGET = 16.2;
				MTL_ENABLE_DEBUG_INFO = NO;
				MTL_FAST_MATH = YES;
				SDKROOT = iphoneos;
				SWIFT_COMPILATION_MODE = wholemodule;
				SWIFT_OPTIMIZATION_LEVEL = "-O";
				VALIDATE_PRODUCT = YES;
			};
			name = Release;
		};
		B972C938297CE93800681A44 /* Debug */ = {
			isa = XCBuildConfiguration;
			buildSettings = {
				ASSETCATALOG_COMPILER_APPICON_NAME = AppIcon;
				ASSETCATALOG_COMPILER_GLOBAL_ACCENT_COLOR_NAME = AccentColor;
				CODE_SIGN_STYLE = Automatic;
				CURRENT_PROJECT_VERSION = 1;
				DEVELOPMENT_ASSET_PATHS = "\"AWSS3Sample/Preview Content\"";
				DEVELOPMENT_TEAM = G4P24S754F;
				ENABLE_PREVIEWS = YES;
				GENERATE_INFOPLIST_FILE = YES;
				INFOPLIST_KEY_UIApplicationSceneManifest_Generation = YES;
				INFOPLIST_KEY_UIApplicationSupportsIndirectInputEvents = YES;
				INFOPLIST_KEY_UILaunchScreen_Generation = YES;
				INFOPLIST_KEY_UISupportedInterfaceOrientations_iPad = "UIInterfaceOrientationPortrait UIInterfaceOrientationPortraitUpsideDown UIInterfaceOrientationLandscapeLeft UIInterfaceOrientationLandscapeRight";
				INFOPLIST_KEY_UISupportedInterfaceOrientations_iPhone = "UIInterfaceOrientationPortrait UIInterfaceOrientationLandscapeLeft UIInterfaceOrientationLandscapeRight";
				LD_RUNPATH_SEARCH_PATHS = (
					"$(inherited)",
					"@executable_path/Frameworks",
				);
				MARKETING_VERSION = 1.0;
				PRODUCT_BUNDLE_IDENTIFIER = com.kotaro.AWSS3Sample;
				PRODUCT_NAME = "$(TARGET_NAME)";
				SWIFT_EMIT_LOC_STRINGS = YES;
				SWIFT_VERSION = 5.0;
				TARGETED_DEVICE_FAMILY = "1,2";
			};
			name = Debug;
		};
		B972C939297CE93800681A44 /* Release */ = {
			isa = XCBuildConfiguration;
			buildSettings = {
				ASSETCATALOG_COMPILER_APPICON_NAME = AppIcon;
				ASSETCATALOG_COMPILER_GLOBAL_ACCENT_COLOR_NAME = AccentColor;
				CODE_SIGN_STYLE = Automatic;
				CURRENT_PROJECT_VERSION = 1;
				DEVELOPMENT_ASSET_PATHS = "\"AWSS3Sample/Preview Content\"";
				DEVELOPMENT_TEAM = G4P24S754F;
				ENABLE_PREVIEWS = YES;
				GENERATE_INFOPLIST_FILE = YES;
				INFOPLIST_KEY_UIApplicationSceneManifest_Generation = YES;
				INFOPLIST_KEY_UIApplicationSupportsIndirectInputEvents = YES;
				INFOPLIST_KEY_UILaunchScreen_Generation = YES;
				INFOPLIST_KEY_UISupportedInterfaceOrientations_iPad = "UIInterfaceOrientationPortrait UIInterfaceOrientationPortraitUpsideDown UIInterfaceOrientationLandscapeLeft UIInterfaceOrientationLandscapeRight";
				INFOPLIST_KEY_UISupportedInterfaceOrientations_iPhone = "UIInterfaceOrientationPortrait UIInterfaceOrientationLandscapeLeft UIInterfaceOrientationLandscapeRight";
				LD_RUNPATH_SEARCH_PATHS = (
					"$(inherited)",
					"@executable_path/Frameworks",
				);
				MARKETING_VERSION = 1.0;
				PRODUCT_BUNDLE_IDENTIFIER = com.kotaro.AWSS3Sample;
				PRODUCT_NAME = "$(TARGET_NAME)";
				SWIFT_EMIT_LOC_STRINGS = YES;
				SWIFT_VERSION = 5.0;
				TARGETED_DEVICE_FAMILY = "1,2";
			};
			name = Release;
		};
/* End XCBuildConfiguration section */

/* Begin XCConfigurationList section */
		B972C924297CE93700681A44 /* Build configuration list for PBXProject "AWSS3Sample" */ = {
			isa = XCConfigurationList;
			buildConfigurations = (
				B972C935297CE93800681A44 /* Debug */,
				B972C936297CE93800681A44 /* Release */,
			);
			defaultConfigurationIsVisible = 0;
			defaultConfigurationName = Release;
		};
		B972C937297CE93800681A44 /* Build configuration list for PBXNativeTarget "AWSS3Sample" */ = {
			isa = XCConfigurationList;
			buildConfigurations = (
				B972C938297CE93800681A44 /* Debug */,
				B972C939297CE93800681A44 /* Release */,
			);
			defaultConfigurationIsVisible = 0;
			defaultConfigurationName = Release;
		};
/* End XCConfigurationList section */

/* Begin XCVersionGroup section */
		B96BCC362980E231004DE773 /* WeightModel.xcdatamodeld */ = {
			isa = XCVersionGroup;
			children = (
				B96BCC372980E231004DE773 /* WeightModel.xcdatamodel */,
			);
			currentVersion = B96BCC372980E231004DE773 /* WeightModel.xcdatamodel */;
			path = WeightModel.xcdatamodeld;
			sourceTree = "<group>";
			versionGroupType = wrapper.xcdatamodel;
		};
/* End XCVersionGroup section */
	};
	rootObject = B972C921297CE93700681A44 /* Project object */;
}
